// !$*UTF8*$!
{
	archiveVersion = 1;
	classes = {
	};
	objectVersion = 48;
	objects = {

/* Begin PBXBuildFile section */
		4DCC87913895E4827B20025B /* Pods_MobileAzureDevDaysUITests.framework in Frameworks */ = {isa = PBXBuildFile; fileRef = F237C097D459492FEA92862C /* Pods_MobileAzureDevDaysUITests.framework */; };
		9010155F1F8E8AFF00A5274E /* MobileAzureDevDaysUITests.swift in Sources */ = {isa = PBXBuildFile; fileRef = 9010155E1F8E8AFF00A5274E /* MobileAzureDevDaysUITests.swift */; };
		B576FD021F75987E007E2415 /* AppDelegate.swift in Sources */ = {isa = PBXBuildFile; fileRef = B576FD011F75987E007E2415 /* AppDelegate.swift */; };
		B576FD041F75987E007E2415 /* ViewController.swift in Sources */ = {isa = PBXBuildFile; fileRef = B576FD031F75987E007E2415 /* ViewController.swift */; };
		B576FD071F75987E007E2415 /* Main.storyboard in Resources */ = {isa = PBXBuildFile; fileRef = B576FD051F75987E007E2415 /* Main.storyboard */; };
		B576FD091F75987E007E2415 /* Assets.xcassets in Resources */ = {isa = PBXBuildFile; fileRef = B576FD081F75987E007E2415 /* Assets.xcassets */; };
		B576FD0C1F75987E007E2415 /* LaunchScreen.storyboard in Resources */ = {isa = PBXBuildFile; fileRef = B576FD0A1F75987E007E2415 /* LaunchScreen.storyboard */; };
		B576FD141F75A8CE007E2415 /* Sentiment.swift in Sources */ = {isa = PBXBuildFile; fileRef = B576FD131F75A8CE007E2415 /* Sentiment.swift */; };
		B576FD161F75ABDB007E2415 /* SentimentClient.swift in Sources */ = {isa = PBXBuildFile; fileRef = B576FD151F75ABDB007E2415 /* SentimentClient.swift */; };
		B576FD181F76B01F007E2415 /* SentimentResponse.swift in Sources */ = {isa = PBXBuildFile; fileRef = B576FD171F76B01F007E2415 /* SentimentResponse.swift */; };
		BF39F20420350D0B0075D537 /* SentimentPage.swift in Sources */ = {isa = PBXBuildFile; fileRef = BF39F20320350D0B0075D537 /* SentimentPage.swift */; };
		CBEFCE421F8C3F73009A16BF /* SentimentKeyResponse.swift in Sources */ = {isa = PBXBuildFile; fileRef = CBEFCE411F8C3F73009A16BF /* SentimentKeyResponse.swift */; };
/* End PBXBuildFile section */

/* Begin PBXContainerItemProxy section */
		901015611F8E8AFF00A5274E /* PBXContainerItemProxy */ = {
			isa = PBXContainerItemProxy;
			containerPortal = B576FCF61F75987E007E2415 /* Project object */;
			proxyType = 1;
			remoteGlobalIDString = B576FCFD1F75987E007E2415;
			remoteInfo = MobileAzureDevDays;
		};
/* End PBXContainerItemProxy section */

/* Begin PBXCopyFilesBuildPhase section */
		901015B31F8EF24C00A5274E /* CopyFiles */ = {
			isa = PBXCopyFilesBuildPhase;
			buildActionMask = 2147483647;
			dstPath = "";
			dstSubfolderSpec = 10;
			files = (
			);
			runOnlyForDeploymentPostprocessing = 0;
		};
/* End PBXCopyFilesBuildPhase section */

/* Begin PBXFileReference section */
		229C8421CD0E390E863BDE2F /* Pods-MobileAzureDevDaysUITests.release.xcconfig */ = {isa = PBXFileReference; includeInIndex = 1; lastKnownFileType = text.xcconfig; name = "Pods-MobileAzureDevDaysUITests.release.xcconfig"; path = "Pods/Target Support Files/Pods-MobileAzureDevDaysUITests/Pods-MobileAzureDevDaysUITests.release.xcconfig"; sourceTree = "<group>"; };
		2DEAA7553670A7C7BC4149ED /* Pods-MobileAzureDevDaysUITests.debug.xcconfig */ = {isa = PBXFileReference; includeInIndex = 1; lastKnownFileType = text.xcconfig; name = "Pods-MobileAzureDevDaysUITests.debug.xcconfig"; path = "Pods/Target Support Files/Pods-MobileAzureDevDaysUITests/Pods-MobileAzureDevDaysUITests.debug.xcconfig"; sourceTree = "<group>"; };
		9010155C1F8E8AFF00A5274E /* MobileAzureDevDaysUITests.xctest */ = {isa = PBXFileReference; explicitFileType = wrapper.cfbundle; includeInIndex = 0; path = MobileAzureDevDaysUITests.xctest; sourceTree = BUILT_PRODUCTS_DIR; };
		9010155E1F8E8AFF00A5274E /* MobileAzureDevDaysUITests.swift */ = {isa = PBXFileReference; lastKnownFileType = sourcecode.swift; path = MobileAzureDevDaysUITests.swift; sourceTree = "<group>"; };
		901015601F8E8AFF00A5274E /* Info.plist */ = {isa = PBXFileReference; lastKnownFileType = text.plist.xml; path = Info.plist; sourceTree = "<group>"; };
		B576FCFE1F75987E007E2415 /* MobileAzureDevDays.app */ = {isa = PBXFileReference; explicitFileType = wrapper.application; includeInIndex = 0; path = MobileAzureDevDays.app; sourceTree = BUILT_PRODUCTS_DIR; };
		B576FD011F75987E007E2415 /* AppDelegate.swift */ = {isa = PBXFileReference; lastKnownFileType = sourcecode.swift; path = AppDelegate.swift; sourceTree = "<group>"; };
		B576FD031F75987E007E2415 /* ViewController.swift */ = {isa = PBXFileReference; lastKnownFileType = sourcecode.swift; path = ViewController.swift; sourceTree = "<group>"; };
		B576FD061F75987E007E2415 /* Base */ = {isa = PBXFileReference; lastKnownFileType = file.storyboard; name = Base; path = Base.lproj/Main.storyboard; sourceTree = "<group>"; };
		B576FD081F75987E007E2415 /* Assets.xcassets */ = {isa = PBXFileReference; lastKnownFileType = folder.assetcatalog; path = Assets.xcassets; sourceTree = "<group>"; };
		B576FD0B1F75987E007E2415 /* Base */ = {isa = PBXFileReference; lastKnownFileType = file.storyboard; name = Base; path = Base.lproj/LaunchScreen.storyboard; sourceTree = "<group>"; };
		B576FD0D1F75987E007E2415 /* Info.plist */ = {isa = PBXFileReference; lastKnownFileType = text.plist.xml; path = Info.plist; sourceTree = "<group>"; };
		B576FD131F75A8CE007E2415 /* Sentiment.swift */ = {isa = PBXFileReference; lastKnownFileType = sourcecode.swift; path = Sentiment.swift; sourceTree = "<group>"; };
		B576FD151F75ABDB007E2415 /* SentimentClient.swift */ = {isa = PBXFileReference; lastKnownFileType = sourcecode.swift; path = SentimentClient.swift; sourceTree = "<group>"; };
		B576FD171F76B01F007E2415 /* SentimentResponse.swift */ = {isa = PBXFileReference; lastKnownFileType = sourcecode.swift; path = SentimentResponse.swift; sourceTree = "<group>"; };
		BF39F20320350D0B0075D537 /* SentimentPage.swift */ = {isa = PBXFileReference; lastKnownFileType = sourcecode.swift; path = SentimentPage.swift; sourceTree = "<group>"; };
		BF3D8C39203502330077141D /* AppCenterXCUITestExtensions.framework */ = {isa = PBXFileReference; explicitFileType = wrapper.framework; path = AppCenterXCUITestExtensions.framework; sourceTree = BUILT_PRODUCTS_DIR; };
		CBEFCE411F8C3F73009A16BF /* SentimentKeyResponse.swift */ = {isa = PBXFileReference; lastKnownFileType = sourcecode.swift; path = SentimentKeyResponse.swift; sourceTree = "<group>"; };
		F237C097D459492FEA92862C /* Pods_MobileAzureDevDaysUITests.framework */ = {isa = PBXFileReference; explicitFileType = wrapper.framework; includeInIndex = 0; path = Pods_MobileAzureDevDaysUITests.framework; sourceTree = BUILT_PRODUCTS_DIR; };
/* End PBXFileReference section */

/* Begin PBXFrameworksBuildPhase section */
		901015591F8E8AFF00A5274E /* Frameworks */ = {
			isa = PBXFrameworksBuildPhase;
			buildActionMask = 2147483647;
			files = (
				4DCC87913895E4827B20025B /* Pods_MobileAzureDevDaysUITests.framework in Frameworks */,
			);
			runOnlyForDeploymentPostprocessing = 0;
		};
		B576FCFB1F75987E007E2415 /* Frameworks */ = {
			isa = PBXFrameworksBuildPhase;
			buildActionMask = 2147483647;
			files = (
			);
			runOnlyForDeploymentPostprocessing = 0;
		};
/* End PBXFrameworksBuildPhase section */

/* Begin PBXGroup section */
		9010155D1F8E8AFF00A5274E /* MobileAzureDevDaysUITests */ = {
			isa = PBXGroup;
			children = (
				BF39F20220350CE00075D537 /* Pages */,
				BF39F20120350CD70075D537 /* Tests */,
				901015601F8E8AFF00A5274E /* Info.plist */,
			);
			path = MobileAzureDevDaysUITests;
			sourceTree = "<group>";
		};
		901015B01F8EF24300A5274E /* Frameworks */ = {
			isa = PBXGroup;
			children = (
				BF3D8C39203502330077141D /* AppCenterXCUITestExtensions.framework */,
				F237C097D459492FEA92862C /* Pods_MobileAzureDevDaysUITests.framework */,
			);
			name = Frameworks;
			sourceTree = "<group>";
		};
		B576FCF51F75987E007E2415 = {
			isa = PBXGroup;
			children = (
				B576FD001F75987E007E2415 /* MobileAzureDevDays */,
				9010155D1F8E8AFF00A5274E /* MobileAzureDevDaysUITests */,
				B576FCFF1F75987E007E2415 /* Products */,
				901015B01F8EF24300A5274E /* Frameworks */,
				BE987ACFE6BA060074848CB6 /* Pods */,
			);
			sourceTree = "<group>";
		};
		B576FCFF1F75987E007E2415 /* Products */ = {
			isa = PBXGroup;
			children = (
				B576FCFE1F75987E007E2415 /* MobileAzureDevDays.app */,
				9010155C1F8E8AFF00A5274E /* MobileAzureDevDaysUITests.xctest */,
			);
			name = Products;
			sourceTree = "<group>";
		};
		B576FD001F75987E007E2415 /* MobileAzureDevDays */ = {
			isa = PBXGroup;
			children = (
				B576FD011F75987E007E2415 /* AppDelegate.swift */,
				B576FD031F75987E007E2415 /* ViewController.swift */,
				B576FD051F75987E007E2415 /* Main.storyboard */,
				B576FD081F75987E007E2415 /* Assets.xcassets */,
				B576FD0A1F75987E007E2415 /* LaunchScreen.storyboard */,
				B576FD0D1F75987E007E2415 /* Info.plist */,
				B576FD131F75A8CE007E2415 /* Sentiment.swift */,
				B576FD151F75ABDB007E2415 /* SentimentClient.swift */,
				B576FD171F76B01F007E2415 /* SentimentResponse.swift */,
				CBEFCE411F8C3F73009A16BF /* SentimentKeyResponse.swift */,
			);
			path = MobileAzureDevDays;
			sourceTree = "<group>";
		};
		BE987ACFE6BA060074848CB6 /* Pods */ = {
			isa = PBXGroup;
			children = (
				2DEAA7553670A7C7BC4149ED /* Pods-MobileAzureDevDaysUITests.debug.xcconfig */,
				229C8421CD0E390E863BDE2F /* Pods-MobileAzureDevDaysUITests.release.xcconfig */,
			);
			name = Pods;
			sourceTree = "<group>";
		};
		BF39F20120350CD70075D537 /* Tests */ = {
			isa = PBXGroup;
			children = (
				9010155E1F8E8AFF00A5274E /* MobileAzureDevDaysUITests.swift */,
			);
			path = Tests;
			sourceTree = "<group>";
		};
		BF39F20220350CE00075D537 /* Pages */ = {
			isa = PBXGroup;
			children = (
				BF39F20320350D0B0075D537 /* SentimentPage.swift */,
			);
			path = Pages;
			sourceTree = "<group>";
		};
/* End PBXGroup section */

/* Begin PBXNativeTarget section */
		9010155B1F8E8AFF00A5274E /* MobileAzureDevDaysUITests */ = {
			isa = PBXNativeTarget;
			buildConfigurationList = 901015631F8E8AFF00A5274E /* Build configuration list for PBXNativeTarget "MobileAzureDevDaysUITests" */;
			buildPhases = (
				C4E4B8AC457E740C2C80DD59 /* [CP] Check Pods Manifest.lock */,
				901015581F8E8AFF00A5274E /* Sources */,
				901015591F8E8AFF00A5274E /* Frameworks */,
				9010155A1F8E8AFF00A5274E /* Resources */,
				901015B31F8EF24C00A5274E /* CopyFiles */,
				4A79E6305EEEB70C7AF3B8EB /* [CP] Embed Pods Frameworks */,
				6CE1E13203EF704FDCA50545 /* [CP] Copy Pods Resources */,
			);
			buildRules = (
			);
			dependencies = (
				901015621F8E8AFF00A5274E /* PBXTargetDependency */,
			);
			name = MobileAzureDevDaysUITests;
			productName = MobileAzureDevDaysUITests;
			productReference = 9010155C1F8E8AFF00A5274E /* MobileAzureDevDaysUITests.xctest */;
			productType = "com.apple.product-type.bundle.ui-testing";
		};
		B576FCFD1F75987E007E2415 /* MobileAzureDevDays */ = {
			isa = PBXNativeTarget;
			buildConfigurationList = B576FD101F75987E007E2415 /* Build configuration list for PBXNativeTarget "MobileAzureDevDays" */;
			buildPhases = (
				B576FCFA1F75987E007E2415 /* Sources */,
				B576FCFB1F75987E007E2415 /* Frameworks */,
				B576FCFC1F75987E007E2415 /* Resources */,
			);
			buildRules = (
			);
			dependencies = (
			);
			name = MobileAzureDevDays;
			productName = roadshow;
			productReference = B576FCFE1F75987E007E2415 /* MobileAzureDevDays.app */;
			productType = "com.apple.product-type.application";
		};
/* End PBXNativeTarget section */

/* Begin PBXProject section */
		B576FCF61F75987E007E2415 /* Project object */ = {
			isa = PBXProject;
			attributes = {
				LastSwiftUpdateCheck = 0900;
				LastUpgradeCheck = 0900;
				ORGANIZATIONNAME = "Colby Williams";
				TargetAttributes = {
					9010155B1F8E8AFF00A5274E = {
						CreatedOnToolsVersion = 9.0;
						ProvisioningStyle = Automatic;
						TestTargetID = B576FCFD1F75987E007E2415;
					};
					B576FCFD1F75987E007E2415 = {
						CreatedOnToolsVersion = 9.0;
						ProvisioningStyle = Automatic;
					};
				};
			};
			buildConfigurationList = B576FCF91F75987E007E2415 /* Build configuration list for PBXProject "MobileAzureDevDays" */;
			compatibilityVersion = "Xcode 8.0";
			developmentRegion = en;
			hasScannedForEncodings = 0;
			knownRegions = (
				en,
				Base,
			);
			mainGroup = B576FCF51F75987E007E2415;
			productRefGroup = B576FCFF1F75987E007E2415 /* Products */;
			projectDirPath = "";
			projectRoot = "";
			targets = (
				B576FCFD1F75987E007E2415 /* MobileAzureDevDays */,
				9010155B1F8E8AFF00A5274E /* MobileAzureDevDaysUITests */,
			);
		};
/* End PBXProject section */

/* Begin PBXResourcesBuildPhase section */
		9010155A1F8E8AFF00A5274E /* Resources */ = {
			isa = PBXResourcesBuildPhase;
			buildActionMask = 2147483647;
			files = (
			);
			runOnlyForDeploymentPostprocessing = 0;
		};
		B576FCFC1F75987E007E2415 /* Resources */ = {
			isa = PBXResourcesBuildPhase;
			buildActionMask = 2147483647;
			files = (
				B576FD0C1F75987E007E2415 /* LaunchScreen.storyboard in Resources */,
				B576FD091F75987E007E2415 /* Assets.xcassets in Resources */,
				B576FD071F75987E007E2415 /* Main.storyboard in Resources */,
			);
			runOnlyForDeploymentPostprocessing = 0;
		};
/* End PBXResourcesBuildPhase section */

/* Begin PBXShellScriptBuildPhase section */
		4A79E6305EEEB70C7AF3B8EB /* [CP] Embed Pods Frameworks */ = {
			isa = PBXShellScriptBuildPhase;
			buildActionMask = 2147483647;
			files = (
			);
			inputPaths = (
				"${SRCROOT}/Pods/Target Support Files/Pods-MobileAzureDevDaysUITests/Pods-MobileAzureDevDaysUITests-frameworks.sh",
				"${BUILT_PRODUCTS_DIR}/AppCenterXCUITestExtensions/AppCenterXCUITestExtensions.framework",
			);
			name = "[CP] Embed Pods Frameworks";
			outputPaths = (
				"${TARGET_BUILD_DIR}/${FRAMEWORKS_FOLDER_PATH}/AppCenterXCUITestExtensions.framework",
			);
			runOnlyForDeploymentPostprocessing = 0;
			shellPath = /bin/sh;
			shellScript = "\"${SRCROOT}/Pods/Target Support Files/Pods-MobileAzureDevDaysUITests/Pods-MobileAzureDevDaysUITests-frameworks.sh\"\n";
			showEnvVarsInLog = 0;
		};
		6CE1E13203EF704FDCA50545 /* [CP] Copy Pods Resources */ = {
			isa = PBXShellScriptBuildPhase;
			buildActionMask = 2147483647;
			files = (
			);
			inputPaths = (
			);
			name = "[CP] Copy Pods Resources";
			outputPaths = (
			);
			runOnlyForDeploymentPostprocessing = 0;
			shellPath = /bin/sh;
			shellScript = "\"${SRCROOT}/Pods/Target Support Files/Pods-MobileAzureDevDaysUITests/Pods-MobileAzureDevDaysUITests-resources.sh\"\n";
			showEnvVarsInLog = 0;
		};
		C4E4B8AC457E740C2C80DD59 /* [CP] Check Pods Manifest.lock */ = {
			isa = PBXShellScriptBuildPhase;
			buildActionMask = 2147483647;
			files = (
			);
			inputPaths = (
				"${PODS_PODFILE_DIR_PATH}/Podfile.lock",
				"${PODS_ROOT}/Manifest.lock",
			);
			name = "[CP] Check Pods Manifest.lock";
			outputPaths = (
				"$(DERIVED_FILE_DIR)/Pods-MobileAzureDevDaysUITests-checkManifestLockResult.txt",
			);
			runOnlyForDeploymentPostprocessing = 0;
			shellPath = /bin/sh;
			shellScript = "diff \"${PODS_PODFILE_DIR_PATH}/Podfile.lock\" \"${PODS_ROOT}/Manifest.lock\" > /dev/null\nif [ $? != 0 ] ; then\n    # print error to STDERR\n    echo \"error: The sandbox is not in sync with the Podfile.lock. Run 'pod install' or update your CocoaPods installation.\" >&2\n    exit 1\nfi\n# This output is used by Xcode 'outputs' to avoid re-running this script phase.\necho \"SUCCESS\" > \"${SCRIPT_OUTPUT_FILE_0}\"\n";
			showEnvVarsInLog = 0;
		};
/* End PBXShellScriptBuildPhase section */

/* Begin PBXSourcesBuildPhase section */
		901015581F8E8AFF00A5274E /* Sources */ = {
			isa = PBXSourcesBuildPhase;
			buildActionMask = 2147483647;
			files = (
				BF39F20420350D0B0075D537 /* SentimentPage.swift in Sources */,
				9010155F1F8E8AFF00A5274E /* MobileAzureDevDaysUITests.swift in Sources */,
			);
			runOnlyForDeploymentPostprocessing = 0;
		};
		B576FCFA1F75987E007E2415 /* Sources */ = {
			isa = PBXSourcesBuildPhase;
			buildActionMask = 2147483647;
			files = (
				B576FD041F75987E007E2415 /* ViewController.swift in Sources */,
				B576FD021F75987E007E2415 /* AppDelegate.swift in Sources */,
				B576FD161F75ABDB007E2415 /* SentimentClient.swift in Sources */,
				B576FD141F75A8CE007E2415 /* Sentiment.swift in Sources */,
				CBEFCE421F8C3F73009A16BF /* SentimentKeyResponse.swift in Sources */,
				B576FD181F76B01F007E2415 /* SentimentResponse.swift in Sources */,
			);
			runOnlyForDeploymentPostprocessing = 0;
		};
/* End PBXSourcesBuildPhase section */

/* Begin PBXTargetDependency section */
		901015621F8E8AFF00A5274E /* PBXTargetDependency */ = {
			isa = PBXTargetDependency;
			target = B576FCFD1F75987E007E2415 /* MobileAzureDevDays */;
			targetProxy = 901015611F8E8AFF00A5274E /* PBXContainerItemProxy */;
		};
/* End PBXTargetDependency section */

/* Begin PBXVariantGroup section */
		B576FD051F75987E007E2415 /* Main.storyboard */ = {
			isa = PBXVariantGroup;
			children = (
				B576FD061F75987E007E2415 /* Base */,
			);
			name = Main.storyboard;
			sourceTree = "<group>";
		};
		B576FD0A1F75987E007E2415 /* LaunchScreen.storyboard */ = {
			isa = PBXVariantGroup;
			children = (
				B576FD0B1F75987E007E2415 /* Base */,
			);
			name = LaunchScreen.storyboard;
			sourceTree = "<group>";
		};
/* End PBXVariantGroup section */

/* Begin XCBuildConfiguration section */
		901015641F8E8AFF00A5274E /* Debug */ = {
			isa = XCBuildConfiguration;
			baseConfigurationReference = 2DEAA7553670A7C7BC4149ED /* Pods-MobileAzureDevDaysUITests.debug.xcconfig */;
			buildSettings = {
				"CODE_SIGN_IDENTITY[sdk=iphoneos*]" = "iPhone Developer";
				CODE_SIGN_STYLE = Automatic;
				DEVELOPMENT_TEAM = "";
				FRAMEWORK_SEARCH_PATHS = (
					"$(inherited)",
					"$(PROJECT_DIR)",
				);
				INFOPLIST_FILE = MobileAzureDevDaysUITests/Info.plist;
				LD_RUNPATH_SEARCH_PATHS = "$(inherited) @executable_path/Frameworks @loader_path/Frameworks";
				PRODUCT_BUNDLE_IDENTIFIER = com.colbylwilliams.MobileAzureDevDaysUITests;
				PRODUCT_NAME = "$(TARGET_NAME)";
				PROVISIONING_PROFILE_SPECIFIER = "";
				SWIFT_VERSION = 4.0;
				TARGETED_DEVICE_FAMILY = "1,2";
				TEST_TARGET_NAME = MobileAzureDevDays;
			};
			name = Debug;
		};
		901015651F8E8AFF00A5274E /* Release */ = {
			isa = XCBuildConfiguration;
			baseConfigurationReference = 229C8421CD0E390E863BDE2F /* Pods-MobileAzureDevDaysUITests.release.xcconfig */;
			buildSettings = {
				"CODE_SIGN_IDENTITY[sdk=iphoneos*]" = "iPhone Developer";
				CODE_SIGN_STYLE = Automatic;
				DEVELOPMENT_TEAM = "";
				FRAMEWORK_SEARCH_PATHS = (
					"$(inherited)",
					"$(PROJECT_DIR)",
				);
				INFOPLIST_FILE = MobileAzureDevDaysUITests/Info.plist;
				LD_RUNPATH_SEARCH_PATHS = "$(inherited) @executable_path/Frameworks @loader_path/Frameworks";
				PRODUCT_BUNDLE_IDENTIFIER = com.colbylwilliams.MobileAzureDevDaysUITests;
				PRODUCT_NAME = "$(TARGET_NAME)";
				PROVISIONING_PROFILE_SPECIFIER = "";
				SWIFT_VERSION = 4.0;
				TARGETED_DEVICE_FAMILY = "1,2";
				TEST_TARGET_NAME = MobileAzureDevDays;
			};
			name = Release;
		};
		B576FD0E1F75987E007E2415 /* Debug */ = {
			isa = XCBuildConfiguration;
			buildSettings = {
				ALWAYS_SEARCH_USER_PATHS = NO;
				CLANG_ANALYZER_NONNULL = YES;
				CLANG_ANALYZER_NUMBER_OBJECT_CONVERSION = YES_AGGRESSIVE;
				CLANG_CXX_LANGUAGE_STANDARD = "gnu++14";
				CLANG_CXX_LIBRARY = "libc++";
				CLANG_ENABLE_MODULES = YES;
				CLANG_ENABLE_OBJC_ARC = YES;
				CLANG_WARN_BLOCK_CAPTURE_AUTORELEASING = YES;
				CLANG_WARN_BOOL_CONVERSION = YES;
				CLANG_WARN_COMMA = YES;
				CLANG_WARN_CONSTANT_CONVERSION = YES;
				CLANG_WARN_DIRECT_OBJC_ISA_USAGE = YES_ERROR;
				CLANG_WARN_DOCUMENTATION_COMMENTS = YES;
				CLANG_WARN_EMPTY_BODY = YES;
				CLANG_WARN_ENUM_CONVERSION = YES;
				CLANG_WARN_INFINITE_RECURSION = YES;
				CLANG_WARN_INT_CONVERSION = YES;
				CLANG_WARN_NON_LITERAL_NULL_CONVERSION = YES;
				CLANG_WARN_OBJC_LITERAL_CONVERSION = YES;
				CLANG_WARN_OBJC_ROOT_CLASS = YES_ERROR;
				CLANG_WARN_RANGE_LOOP_ANALYSIS = YES;
				CLANG_WARN_STRICT_PROTOTYPES = YES;
				CLANG_WARN_SUSPICIOUS_MOVE = YES;
				CLANG_WARN_UNGUARDED_AVAILABILITY = YES_AGGRESSIVE;
				CLANG_WARN_UNREACHABLE_CODE = YES;
				CLANG_WARN__DUPLICATE_METHOD_MATCH = YES;
				CODE_SIGN_IDENTITY = "";
				COPY_PHASE_STRIP = NO;
				DEBUG_INFORMATION_FORMAT = dwarf;
				ENABLE_STRICT_OBJC_MSGSEND = YES;
				ENABLE_TESTABILITY = YES;
				GCC_C_LANGUAGE_STANDARD = gnu11;
				GCC_DYNAMIC_NO_PIC = NO;
				GCC_NO_COMMON_BLOCKS = YES;
				GCC_OPTIMIZATION_LEVEL = 0;
				GCC_PREPROCESSOR_DEFINITIONS = (
					"DEBUG=1",
					"$(inherited)",
				);
				GCC_WARN_64_TO_32_BIT_CONVERSION = YES;
				GCC_WARN_ABOUT_RETURN_TYPE = YES_ERROR;
				GCC_WARN_UNDECLARED_SELECTOR = YES;
				GCC_WARN_UNINITIALIZED_AUTOS = YES_AGGRESSIVE;
				GCC_WARN_UNUSED_FUNCTION = YES;
				GCC_WARN_UNUSED_VARIABLE = YES;
				IPHONEOS_DEPLOYMENT_TARGET = 11.0;
				MTL_ENABLE_DEBUG_INFO = YES;
				ONLY_ACTIVE_ARCH = YES;
				SDKROOT = iphoneos;
				SWIFT_ACTIVE_COMPILATION_CONDITIONS = DEBUG;
				SWIFT_OPTIMIZATION_LEVEL = "-Onone";
			};
			name = Debug;
		};
		B576FD0F1F75987E007E2415 /* Release */ = {
			isa = XCBuildConfiguration;
			buildSettings = {
				ALWAYS_SEARCH_USER_PATHS = NO;
				CLANG_ANALYZER_NONNULL = YES;
				CLANG_ANALYZER_NUMBER_OBJECT_CONVERSION = YES_AGGRESSIVE;
				CLANG_CXX_LANGUAGE_STANDARD = "gnu++14";
				CLANG_CXX_LIBRARY = "libc++";
				CLANG_ENABLE_MODULES = YES;
				CLANG_ENABLE_OBJC_ARC = YES;
				CLANG_WARN_BLOCK_CAPTURE_AUTORELEASING = YES;
				CLANG_WARN_BOOL_CONVERSION = YES;
				CLANG_WARN_COMMA = YES;
				CLANG_WARN_CONSTANT_CONVERSION = YES;
				CLANG_WARN_DIRECT_OBJC_ISA_USAGE = YES_ERROR;
				CLANG_WARN_DOCUMENTATION_COMMENTS = YES;
				CLANG_WARN_EMPTY_BODY = YES;
				CLANG_WARN_ENUM_CONVERSION = YES;
				CLANG_WARN_INFINITE_RECURSION = YES;
				CLANG_WARN_INT_CONVERSION = YES;
				CLANG_WARN_NON_LITERAL_NULL_CONVERSION = YES;
				CLANG_WARN_OBJC_LITERAL_CONVERSION = YES;
				CLANG_WARN_OBJC_ROOT_CLASS = YES_ERROR;
				CLANG_WARN_RANGE_LOOP_ANALYSIS = YES;
				CLANG_WARN_STRICT_PROTOTYPES = YES;
				CLANG_WARN_SUSPICIOUS_MOVE = YES;
				CLANG_WARN_UNGUARDED_AVAILABILITY = YES_AGGRESSIVE;
				CLANG_WARN_UNREACHABLE_CODE = YES;
				CLANG_WARN__DUPLICATE_METHOD_MATCH = YES;
				CODE_SIGN_IDENTITY = "";
				COPY_PHASE_STRIP = NO;
				DEBUG_INFORMATION_FORMAT = "dwarf-with-dsym";
				ENABLE_NS_ASSERTIONS = NO;
				ENABLE_STRICT_OBJC_MSGSEND = YES;
				GCC_C_LANGUAGE_STANDARD = gnu11;
				GCC_NO_COMMON_BLOCKS = YES;
				GCC_WARN_64_TO_32_BIT_CONVERSION = YES;
				GCC_WARN_ABOUT_RETURN_TYPE = YES_ERROR;
				GCC_WARN_UNDECLARED_SELECTOR = YES;
				GCC_WARN_UNINITIALIZED_AUTOS = YES_AGGRESSIVE;
				GCC_WARN_UNUSED_FUNCTION = YES;
				GCC_WARN_UNUSED_VARIABLE = YES;
				IPHONEOS_DEPLOYMENT_TARGET = 11.0;
				MTL_ENABLE_DEBUG_INFO = NO;
				SDKROOT = iphoneos;
				SWIFT_OPTIMIZATION_LEVEL = "-Owholemodule";
				VALIDATE_PRODUCT = YES;
			};
			name = Release;
		};
		B576FD111F75987E007E2415 /* Debug */ = {
			isa = XCBuildConfiguration;
			buildSettings = {
				ASSETCATALOG_COMPILER_APPICON_NAME = AppIcon;
				"CODE_SIGN_IDENTITY[sdk=iphoneos*]" = "iPhone Developer";
				CODE_SIGN_STYLE = Automatic;
				DEVELOPMENT_TEAM = "";
				INFOPLIST_FILE = MobileAzureDevDays/Info.plist;
				IPHONEOS_DEPLOYMENT_TARGET = 11.0;
				LD_RUNPATH_SEARCH_PATHS = "$(inherited) @executable_path/Frameworks";
				PRODUCT_BUNDLE_IDENTIFIER = com.colbywillams.MobileAzureDevDays;
				PRODUCT_NAME = "$(TARGET_NAME)";
				PROVISIONING_PROFILE = "";
				PROVISIONING_PROFILE_SPECIFIER = "";
				SWIFT_VERSION = 4.0;
				TARGETED_DEVICE_FAMILY = "1,2";
			};
			name = Debug;
		};
		B576FD121F75987E007E2415 /* Release */ = {
			isa = XCBuildConfiguration;
			buildSettings = {
				ASSETCATALOG_COMPILER_APPICON_NAME = AppIcon;
				"CODE_SIGN_IDENTITY[sdk=iphoneos*]" = "iPhone Developer";
				CODE_SIGN_STYLE = Automatic;
				DEVELOPMENT_TEAM = "";
				INFOPLIST_FILE = MobileAzureDevDays/Info.plist;
				IPHONEOS_DEPLOYMENT_TARGET = 11.0;
				LD_RUNPATH_SEARCH_PATHS = "$(inherited) @executable_path/Frameworks";
				PRODUCT_BUNDLE_IDENTIFIER = com.colbywillams.MobileAzureDevDays;
				PRODUCT_NAME = "$(TARGET_NAME)";
				PROVISIONING_PROFILE = "";
				PROVISIONING_PROFILE_SPECIFIER = "";
				SWIFT_VERSION = 4.0;
				TARGETED_DEVICE_FAMILY = "1,2";
			};
			name = Release;
		};
/* End XCBuildConfiguration section */

/* Begin XCConfigurationList section */
		901015631F8E8AFF00A5274E /* Build configuration list for PBXNativeTarget "MobileAzureDevDaysUITests" */ = {
			isa = XCConfigurationList;
			buildConfigurations = (
				901015641F8E8AFF00A5274E /* Debug */,
				901015651F8E8AFF00A5274E /* Release */,
			);
			defaultConfigurationIsVisible = 0;
			defaultConfigurationName = Debug;
		};
		B576FCF91F75987E007E2415 /* Build configuration list for PBXProject "MobileAzureDevDays" */ = {
			isa = XCConfigurationList;
			buildConfigurations = (
				B576FD0E1F75987E007E2415 /* Debug */,
				B576FD0F1F75987E007E2415 /* Release */,
			);
			defaultConfigurationIsVisible = 0;
			defaultConfigurationName = Debug;
		};
		B576FD101F75987E007E2415 /* Build configuration list for PBXNativeTarget "MobileAzureDevDays" */ = {
			isa = XCConfigurationList;
			buildConfigurations = (
				B576FD111F75987E007E2415 /* Debug */,
				B576FD121F75987E007E2415 /* Release */,
			);
			defaultConfigurationIsVisible = 0;
			defaultConfigurationName = Debug;
		};
/* End XCConfigurationList section */
	};
	rootObject = B576FCF61F75987E007E2415 /* Project object */;
}
