
Microsoft Visual Studio Solution File, Format Version 12.00
# Visual Studio 2012
Project("{FAE04EC0-301F-11D3-BF4B-00C04F79EFBC}") = "MobileAzureDevDays.iOS", "MobileAzureDevDays.iOS\MobileAzureDevDays.iOS.csproj", "{1AF5635E-57B8-49A3-80F1-130EDF9E5381}"
EndProject
Project("{FAE04EC0-301F-11D3-BF4B-00C04F79EFBC}") = "MobileAzureDevDays.Droid", "MobileAzureDevDays.Droid\MobileAzureDevDays.Droid.csproj", "{70D43340-110E-4E42-98E2-CEA9438A05B3}"
EndProject
Project("{FAE04EC0-301F-11D3-BF4B-00C04F79EFBC}") = "MobileAzureDevDays", "MobileAzureDevDays\MobileAzureDevDays.csproj", "{F04F72BA-CAB2-4206-993E-C4B58E5442BD}"
EndProject
Project("{FAE04EC0-301F-11D3-BF4B-00C04F79EFBC}") = "MobileAzureDevDays.UITests", "MobileAzureDevDays.UITests\MobileAzureDevDays.UITests.csproj", "{61A21751-B285-40B1-8A46-EA63E00AFBFD}"
EndProject
Project("{D954291E-2A0B-460D-934E-DC6B0785DB48}") = "MobileAzureDevDays.Shared", "MobileAzureDevDays.Shared\MobileAzureDevDays.Shared.shproj", "{E67D1672-A63B-4C91-B54F-CC49DCE69C7E}"
EndProject
Global
	GlobalSection(SolutionConfigurationPlatforms) = preSolution
		Debug|Any CPU = Debug|Any CPU
		Release|Any CPU = Release|Any CPU
		Debug|iPhoneSimulator = Debug|iPhoneSimulator
		Release|iPhone = Release|iPhone
		Release|iPhoneSimulator = Release|iPhoneSimulator
		Debug|iPhone = Debug|iPhone
	EndGlobalSection
	GlobalSection(ProjectConfigurationPlatforms) = postSolution
		{1AF5635E-57B8-49A3-80F1-130EDF9E5381}.Debug|Any CPU.ActiveCfg = Debug|iPhoneSimulator
		{1AF5635E-57B8-49A3-80F1-130EDF9E5381}.Debug|Any CPU.Build.0 = Debug|iPhoneSimulator
		{1AF5635E-57B8-49A3-80F1-130EDF9E5381}.Release|Any CPU.ActiveCfg = Release|iPhone
		{1AF5635E-57B8-49A3-80F1-130EDF9E5381}.Release|Any CPU.Build.0 = Release|iPhone
		{1AF5635E-57B8-49A3-80F1-130EDF9E5381}.Debug|iPhoneSimulator.ActiveCfg = Debug|iPhoneSimulator
		{1AF5635E-57B8-49A3-80F1-130EDF9E5381}.Debug|iPhoneSimulator.Build.0 = Debug|iPhoneSimulator
		{1AF5635E-57B8-49A3-80F1-130EDF9E5381}.Release|iPhone.ActiveCfg = Release|iPhone
		{1AF5635E-57B8-49A3-80F1-130EDF9E5381}.Release|iPhone.Build.0 = Release|iPhone
		{1AF5635E-57B8-49A3-80F1-130EDF9E5381}.Release|iPhoneSimulator.ActiveCfg = Release|iPhoneSimulator
		{1AF5635E-57B8-49A3-80F1-130EDF9E5381}.Release|iPhoneSimulator.Build.0 = Release|iPhoneSimulator
		{1AF5635E-57B8-49A3-80F1-130EDF9E5381}.Debug|iPhone.ActiveCfg = Debug|iPhone
		{1AF5635E-57B8-49A3-80F1-130EDF9E5381}.Debug|iPhone.Build.0 = Debug|iPhone
		{70D43340-110E-4E42-98E2-CEA9438A05B3}.Debug|Any CPU.ActiveCfg = Debug|Any CPU
		{70D43340-110E-4E42-98E2-CEA9438A05B3}.Debug|Any CPU.Build.0 = Debug|Any CPU
		{70D43340-110E-4E42-98E2-CEA9438A05B3}.Release|Any CPU.ActiveCfg = Release|Any CPU
		{70D43340-110E-4E42-98E2-CEA9438A05B3}.Release|Any CPU.Build.0 = Release|Any CPU
		{70D43340-110E-4E42-98E2-CEA9438A05B3}.Debug|iPhoneSimulator.ActiveCfg = Debug|Any CPU
		{70D43340-110E-4E42-98E2-CEA9438A05B3}.Debug|iPhoneSimulator.Build.0 = Debug|Any CPU
		{70D43340-110E-4E42-98E2-CEA9438A05B3}.Release|iPhone.ActiveCfg = Release|Any CPU
		{70D43340-110E-4E42-98E2-CEA9438A05B3}.Release|iPhone.Build.0 = Release|Any CPU
		{70D43340-110E-4E42-98E2-CEA9438A05B3}.Release|iPhoneSimulator.ActiveCfg = Release|Any CPU
		{70D43340-110E-4E42-98E2-CEA9438A05B3}.Release|iPhoneSimulator.Build.0 = Release|Any CPU
		{70D43340-110E-4E42-98E2-CEA9438A05B3}.Debug|iPhone.ActiveCfg = Debug|Any CPU
		{70D43340-110E-4E42-98E2-CEA9438A05B3}.Debug|iPhone.Build.0 = Debug|Any CPU
		{F04F72BA-CAB2-4206-993E-C4B58E5442BD}.Debug|Any CPU.ActiveCfg = Debug|Any CPU
		{F04F72BA-CAB2-4206-993E-C4B58E5442BD}.Debug|Any CPU.Build.0 = Debug|Any CPU
		{F04F72BA-CAB2-4206-993E-C4B58E5442BD}.Release|Any CPU.ActiveCfg = Release|Any CPU
		{F04F72BA-CAB2-4206-993E-C4B58E5442BD}.Release|Any CPU.Build.0 = Release|Any CPU
		{F04F72BA-CAB2-4206-993E-C4B58E5442BD}.Debug|iPhoneSimulator.ActiveCfg = Debug|Any CPU
		{F04F72BA-CAB2-4206-993E-C4B58E5442BD}.Debug|iPhoneSimulator.Build.0 = Debug|Any CPU
		{F04F72BA-CAB2-4206-993E-C4B58E5442BD}.Release|iPhone.ActiveCfg = Release|Any CPU
		{F04F72BA-CAB2-4206-993E-C4B58E5442BD}.Release|iPhone.Build.0 = Release|Any CPU
		{F04F72BA-CAB2-4206-993E-C4B58E5442BD}.Release|iPhoneSimulator.ActiveCfg = Release|Any CPU
		{F04F72BA-CAB2-4206-993E-C4B58E5442BD}.Release|iPhoneSimulator.Build.0 = Release|Any CPU
		{F04F72BA-CAB2-4206-993E-C4B58E5442BD}.Debug|iPhone.ActiveCfg = Debug|Any CPU
		{F04F72BA-CAB2-4206-993E-C4B58E5442BD}.Debug|iPhone.Build.0 = Debug|Any CPU
		{61A21751-B285-40B1-8A46-EA63E00AFBFD}.Debug|Any CPU.ActiveCfg = Debug|Any CPU
		{61A21751-B285-40B1-8A46-EA63E00AFBFD}.Debug|Any CPU.Build.0 = Debug|Any CPU
		{61A21751-B285-40B1-8A46-EA63E00AFBFD}.Release|Any CPU.ActiveCfg = Release|Any CPU
		{61A21751-B285-40B1-8A46-EA63E00AFBFD}.Release|Any CPU.Build.0 = Release|Any CPU
		{61A21751-B285-40B1-8A46-EA63E00AFBFD}.Debug|iPhoneSimulator.ActiveCfg = Debug|Any CPU
		{61A21751-B285-40B1-8A46-EA63E00AFBFD}.Debug|iPhoneSimulator.Build.0 = Debug|Any CPU
		{61A21751-B285-40B1-8A46-EA63E00AFBFD}.Release|iPhone.ActiveCfg = Release|Any CPU
		{61A21751-B285-40B1-8A46-EA63E00AFBFD}.Release|iPhone.Build.0 = Release|Any CPU
		{61A21751-B285-40B1-8A46-EA63E00AFBFD}.Release|iPhoneSimulator.ActiveCfg = Release|Any CPU
		{61A21751-B285-40B1-8A46-EA63E00AFBFD}.Release|iPhoneSimulator.Build.0 = Release|Any CPU
		{61A21751-B285-40B1-8A46-EA63E00AFBFD}.Debug|iPhone.ActiveCfg = Debug|Any CPU
		{61A21751-B285-40B1-8A46-EA63E00AFBFD}.Debug|iPhone.Build.0 = Debug|Any CPU
	EndGlobalSection
EndGlobal
